<?xml version="1.0" encoding="UTF-8"?>
<CodeBlocks_project_file>
	<FileVersion major="1" minor="6"/>
	<Project>
		<Option title="AA-SIPP-m"/>
		<Option makefile_is_custom="1"/>
		<Option compiler="gcc"/>
		<Option virtualFolders="CMake Files\;"/>
		<Build>
			<Target title="all">
				<Option working_dir="/home/jungwon/catkin_ws/src/swarm_simulator/swarm_planner/third_party/AA-SIPP-m"/>
				<Option type="4"/>
				<MakeCommands>
					<Build command="/usr/bin/make -f &quot;/home/jungwon/catkin_ws/src/swarm_simulator/swarm_planner/third_party/AA-SIPP-m/Makefile&quot;  VERBOSE=1 all"/>
					<CompileFile command="/usr/bin/make -f &quot;/home/jungwon/catkin_ws/src/swarm_simulator/swarm_planner/third_party/AA-SIPP-m/Makefile&quot;  VERBOSE=1 &quot;$file&quot;"/>
					<Clean command="/usr/bin/make -f &quot;/home/jungwon/catkin_ws/src/swarm_simulator/swarm_planner/third_party/AA-SIPP-m/Makefile&quot;  VERBOSE=1 clean"/>
					<DistClean command="/usr/bin/make -f &quot;/home/jungwon/catkin_ws/src/swarm_simulator/swarm_planner/third_party/AA-SIPP-m/Makefile&quot;  VERBOSE=1 clean"/>
				</MakeCommands>
			</Target>
			<Target title="rebuild_cache">
				<Option working_dir="/home/jungwon/catkin_ws/src/swarm_simulator/swarm_planner/third_party/AA-SIPP-m"/>
				<Option type="4"/>
				<MakeCommands>
					<Build command="/usr/bin/make -f &quot;/home/jungwon/catkin_ws/src/swarm_simulator/swarm_planner/third_party/AA-SIPP-m/Makefile&quot;  VERBOSE=1 rebuild_cache"/>
					<CompileFile command="/usr/bin/make -f &quot;/home/jungwon/catkin_ws/src/swarm_simulator/swarm_planner/third_party/AA-SIPP-m/Makefile&quot;  VERBOSE=1 &quot;$file&quot;"/>
					<Clean command="/usr/bin/make -f &quot;/home/jungwon/catkin_ws/src/swarm_simulator/swarm_planner/third_party/AA-SIPP-m/Makefile&quot;  VERBOSE=1 clean"/>
					<DistClean command="/usr/bin/make -f &quot;/home/jungwon/catkin_ws/src/swarm_simulator/swarm_planner/third_party/AA-SIPP-m/Makefile&quot;  VERBOSE=1 clean"/>
				</MakeCommands>
			</Target>
			<Target title="sipp">
				<Option output="/home/jungwon/catkin_ws/src/swarm_simulator/swarm_planner/third_party/AA-SIPP-m/libsipp.a" prefix_auto="0" extension_auto="0"/>
				<Option working_dir="/home/jungwon/catkin_ws/src/swarm_simulator/swarm_planner/third_party/AA-SIPP-m"/>
				<Option object_output="./"/>
				<Option type="2"/>
				<Option compiler="gcc"/>
				<Compiler>
					<Add directory="/home/jungwon/catkin_ws/src/swarm_simulator/swarm_planner/third_party/AA-SIPP-m/include"/>
				</Compiler>
				<MakeCommands>
					<Build command="/usr/bin/make -f &quot;/home/jungwon/catkin_ws/src/swarm_simulator/swarm_planner/third_party/AA-SIPP-m/Makefile&quot;  VERBOSE=1 sipp"/>
					<CompileFile command="/usr/bin/make -f &quot;/home/jungwon/catkin_ws/src/swarm_simulator/swarm_planner/third_party/AA-SIPP-m/Makefile&quot;  VERBOSE=1 &quot;$file&quot;"/>
					<Clean command="/usr/bin/make -f &quot;/home/jungwon/catkin_ws/src/swarm_simulator/swarm_planner/third_party/AA-SIPP-m/Makefile&quot;  VERBOSE=1 clean"/>
					<DistClean command="/usr/bin/make -f &quot;/home/jungwon/catkin_ws/src/swarm_simulator/swarm_planner/third_party/AA-SIPP-m/Makefile&quot;  VERBOSE=1 clean"/>
				</MakeCommands>
			</Target>
			<Target title="sipp/fast">
				<Option output="/home/jungwon/catkin_ws/src/swarm_simulator/swarm_planner/third_party/AA-SIPP-m/libsipp.a" prefix_auto="0" extension_auto="0"/>
				<Option working_dir="/home/jungwon/catkin_ws/src/swarm_simulator/swarm_planner/third_party/AA-SIPP-m"/>
				<Option object_output="./"/>
				<Option type="2"/>
				<Option compiler="gcc"/>
				<Compiler>
					<Add directory="/home/jungwon/catkin_ws/src/swarm_simulator/swarm_planner/third_party/AA-SIPP-m/include"/>
				</Compiler>
				<MakeCommands>
					<Build command="/usr/bin/make -f &quot;/home/jungwon/catkin_ws/src/swarm_simulator/swarm_planner/third_party/AA-SIPP-m/Makefile&quot;  VERBOSE=1 sipp/fast"/>
					<CompileFile command="/usr/bin/make -f &quot;/home/jungwon/catkin_ws/src/swarm_simulator/swarm_planner/third_party/AA-SIPP-m/Makefile&quot;  VERBOSE=1 &quot;$file&quot;"/>
					<Clean command="/usr/bin/make -f &quot;/home/jungwon/catkin_ws/src/swarm_simulator/swarm_planner/third_party/AA-SIPP-m/Makefile&quot;  VERBOSE=1 clean"/>
					<DistClean command="/usr/bin/make -f &quot;/home/jungwon/catkin_ws/src/swarm_simulator/swarm_planner/third_party/AA-SIPP-m/Makefile&quot;  VERBOSE=1 clean"/>
				</MakeCommands>
			</Target>
			<Target title="edit_cache">
				<Option working_dir="/home/jungwon/catkin_ws/src/swarm_simulator/swarm_planner/third_party/AA-SIPP-m"/>
				<Option type="4"/>
				<MakeCommands>
					<Build command="/usr/bin/make -f &quot;/home/jungwon/catkin_ws/src/swarm_simulator/swarm_planner/third_party/AA-SIPP-m/Makefile&quot;  VERBOSE=1 edit_cache"/>
					<CompileFile command="/usr/bin/make -f &quot;/home/jungwon/catkin_ws/src/swarm_simulator/swarm_planner/third_party/AA-SIPP-m/Makefile&quot;  VERBOSE=1 &quot;$file&quot;"/>
					<Clean command="/usr/bin/make -f &quot;/home/jungwon/catkin_ws/src/swarm_simulator/swarm_planner/third_party/AA-SIPP-m/Makefile&quot;  VERBOSE=1 clean"/>
					<DistClean command="/usr/bin/make -f &quot;/home/jungwon/catkin_ws/src/swarm_simulator/swarm_planner/third_party/AA-SIPP-m/Makefile&quot;  VERBOSE=1 clean"/>
				</MakeCommands>
			</Target>
		</Build>
		<Unit filename="/home/jungwon/catkin_ws/src/swarm_simulator/swarm_planner/third_party/AA-SIPP-m/src/aa_sipp.cpp">
			<Option target="sipp"/>
		</Unit>
		<Unit filename="/home/jungwon/catkin_ws/src/swarm_simulator/swarm_planner/third_party/AA-SIPP-m/src/config.cpp">
			<Option target="sipp"/>
		</Unit>
		<Unit filename="/home/jungwon/catkin_ws/src/swarm_simulator/swarm_planner/third_party/AA-SIPP-m/src/constraints.cpp">
			<Option target="sipp"/>
		</Unit>
		<Unit filename="/home/jungwon/catkin_ws/src/swarm_simulator/swarm_planner/third_party/AA-SIPP-m/src/dynamicobstacles.cpp">
			<Option target="sipp"/>
		</Unit>
		<Unit filename="/home/jungwon/catkin_ws/src/swarm_simulator/swarm_planner/third_party/AA-SIPP-m/src/main.cpp">
			<Option target="sipp"/>
		</Unit>
		<Unit filename="/home/jungwon/catkin_ws/src/swarm_simulator/swarm_planner/third_party/AA-SIPP-m/src/map.cpp">
			<Option target="sipp"/>
		</Unit>
		<Unit filename="/home/jungwon/catkin_ws/src/swarm_simulator/swarm_planner/third_party/AA-SIPP-m/src/mission.cpp">
			<Option target="sipp"/>
		</Unit>
		<Unit filename="/home/jungwon/catkin_ws/src/swarm_simulator/swarm_planner/third_party/AA-SIPP-m/src/task.cpp">
			<Option target="sipp"/>
		</Unit>
		<Unit filename="/home/jungwon/catkin_ws/src/swarm_simulator/swarm_planner/third_party/AA-SIPP-m/src/tinyxml2.cpp">
			<Option target="sipp"/>
		</Unit>
		<Unit filename="/home/jungwon/catkin_ws/src/swarm_simulator/swarm_planner/third_party/AA-SIPP-m/src/xmlLogger.cpp">
			<Option target="sipp"/>
		</Unit>
		<Unit filename="/home/jungwon/catkin_ws/src/swarm_simulator/swarm_planner/third_party/AA-SIPP-m/CMakeLists.txt">
			<Option virtualFolder="CMake Files\"/>
		</Unit>
	</Project>
</CodeBlocks_project_file>
